
Microsoft Visual Studio Solution File, Format Version 12.00
# Visual Studio Version 17
VisualStudioVersion = 17.0.31903.59
MinimumVisualStudioVersion = 10.0.40219.1
Project("{2150E333-8FDC-42A3-9474-1A3956D46DE8}") = "src", "src", "{827E0CD3-B72D-47B6-A68D-7590B98EB39B}"
EndProject
Project("{FAE04EC0-301F-11D3-BF4B-00C04F79EFBC}") = "WorkTrace.Domain", "src\WorkTrace.Domain\WorkTrace.Domain.csproj", "{F7615C4C-439D-4F6C-83B2-2A68C9C8BF4C}"
EndProject
Project("{FAE04EC0-301F-11D3-BF4B-00C04F79EFBC}") = "WorkTrace.Application", "src\WorkTrace.Application\WorkTrace.Application.csproj", "{182DA8A0-4876-4BCF-9C09-10D90145B0DC}"
EndProject
Project("{FAE04EC0-301F-11D3-BF4B-00C04F79EFBC}") = "WorkTrace.Infrastructure", "src\WorkTrace.Infrastructure\WorkTrace.Infrastructure.csproj", "{C79C43EB-E957-4355-9667-600F0934C0D8}"
EndProject
Project("{FAE04EC0-301F-11D3-BF4B-00C04F79EFBC}") = "WorkTrace.ReadModel", "src\WorkTrace.ReadModel\WorkTrace.ReadModel.csproj", "{BD16A59A-E4CA-4C23-A08B-8EBC58EBE97B}"
EndProject
Project("{FAE04EC0-301F-11D3-BF4B-00C04F79EFBC}") = "WorkTrace.Api", "src\WorkTrace.Api\WorkTrace.Api.csproj", "{842E6F30-A925-43A4-9B52-9721166425EE}"
EndProject
Project("{2150E333-8FDC-42A3-9474-1A3956D46DE8}") = "tests", "tests", "{0AB3BF05-4346-4AA6-1389-037BE0695223}"
EndProject
Project("{FAE04EC0-301F-11D3-BF4B-00C04F79EFBC}") = "WorkTrace.Domain.Tests", "tests\WorkTrace.Domain.Tests\WorkTrace.Domain.Tests.csproj", "{F373D711-9970-4DD9-86C0-D729DA4E124B}"
EndProject
Project("{FAE04EC0-301F-11D3-BF4B-00C04F79EFBC}") = "WorkTrace.Application.Tests", "tests\WorkTrace.Application.Tests\WorkTrace.Application.Tests.csproj", "{FAA90DB2-DCE3-492B-8F8B-979532B9EFCB}"
EndProject
Project("{FAE04EC0-301F-11D3-BF4B-00C04F79EFBC}") = "WorkTrace.Infrastructure.Tests", "tests\WorkTrace.Infrastructure.Tests\WorkTrace.Infrastructure.Tests.csproj", "{EAC44E90-9ECB-4DB9-838A-4145D19315B3}"
EndProject
Project("{FAE04EC0-301F-11D3-BF4B-00C04F79EFBC}") = "WorkTrace.Api.Tests", "tests\WorkTrace.Api.Tests\WorkTrace.Api.Tests.csproj", "{295882F1-F876-45FB-85FC-40EEA87DA641}"
EndProject
Global
	GlobalSection(SolutionConfigurationPlatforms) = preSolution
		Debug|Any CPU = Debug|Any CPU
		Debug|x64 = Debug|x64
		Debug|x86 = Debug|x86
		Release|Any CPU = Release|Any CPU
		Release|x64 = Release|x64
		Release|x86 = Release|x86
	EndGlobalSection
	GlobalSection(ProjectConfigurationPlatforms) = postSolution
		{F7615C4C-439D-4F6C-83B2-2A68C9C8BF4C}.Debug|Any CPU.ActiveCfg = Debug|Any CPU
		{F7615C4C-439D-4F6C-83B2-2A68C9C8BF4C}.Debug|Any CPU.Build.0 = Debug|Any CPU
		{F7615C4C-439D-4F6C-83B2-2A68C9C8BF4C}.Debug|x64.ActiveCfg = Debug|Any CPU
		{F7615C4C-439D-4F6C-83B2-2A68C9C8BF4C}.Debug|x64.Build.0 = Debug|Any CPU
		{F7615C4C-439D-4F6C-83B2-2A68C9C8BF4C}.Debug|x86.ActiveCfg = Debug|Any CPU
		{F7615C4C-439D-4F6C-83B2-2A68C9C8BF4C}.Debug|x86.Build.0 = Debug|Any CPU
		{F7615C4C-439D-4F6C-83B2-2A68C9C8BF4C}.Release|Any CPU.ActiveCfg = Release|Any CPU
		{F7615C4C-439D-4F6C-83B2-2A68C9C8BF4C}.Release|Any CPU.Build.0 = Release|Any CPU
		{F7615C4C-439D-4F6C-83B2-2A68C9C8BF4C}.Release|x64.ActiveCfg = Release|Any CPU
		{F7615C4C-439D-4F6C-83B2-2A68C9C8BF4C}.Release|x64.Build.0 = Release|Any CPU
		{F7615C4C-439D-4F6C-83B2-2A68C9C8BF4C}.Release|x86.ActiveCfg = Release|Any CPU
		{F7615C4C-439D-4F6C-83B2-2A68C9C8BF4C}.Release|x86.Build.0 = Release|Any CPU
		{182DA8A0-4876-4BCF-9C09-10D90145B0DC}.Debug|Any CPU.ActiveCfg = Debug|Any CPU
		{182DA8A0-4876-4BCF-9C09-10D90145B0DC}.Debug|Any CPU.Build.0 = Debug|Any CPU
		{182DA8A0-4876-4BCF-9C09-10D90145B0DC}.Debug|x64.ActiveCfg = Debug|Any CPU
		{182DA8A0-4876-4BCF-9C09-10D90145B0DC}.Debug|x64.Build.0 = Debug|Any CPU
		{182DA8A0-4876-4BCF-9C09-10D90145B0DC}.Debug|x86.ActiveCfg = Debug|Any CPU
		{182DA8A0-4876-4BCF-9C09-10D90145B0DC}.Debug|x86.Build.0 = Debug|Any CPU
		{182DA8A0-4876-4BCF-9C09-10D90145B0DC}.Release|Any CPU.ActiveCfg = Release|Any CPU
		{182DA8A0-4876-4BCF-9C09-10D90145B0DC}.Release|Any CPU.Build.0 = Release|Any CPU
		{182DA8A0-4876-4BCF-9C09-10D90145B0DC}.Release|x64.ActiveCfg = Release|Any CPU
		{182DA8A0-4876-4BCF-9C09-10D90145B0DC}.Release|x64.Build.0 = Release|Any CPU
		{182DA8A0-4876-4BCF-9C09-10D90145B0DC}.Release|x86.ActiveCfg = Release|Any CPU
		{182DA8A0-4876-4BCF-9C09-10D90145B0DC}.Release|x86.Build.0 = Release|Any CPU
		{C79C43EB-E957-4355-9667-600F0934C0D8}.Debug|Any CPU.ActiveCfg = Debug|Any CPU
		{C79C43EB-E957-4355-9667-600F0934C0D8}.Debug|Any CPU.Build.0 = Debug|Any CPU
		{C79C43EB-E957-4355-9667-600F0934C0D8}.Debug|x64.ActiveCfg = Debug|Any CPU
		{C79C43EB-E957-4355-9667-600F0934C0D8}.Debug|x64.Build.0 = Debug|Any CPU
		{C79C43EB-E957-4355-9667-600F0934C0D8}.Debug|x86.ActiveCfg = Debug|Any CPU
		{C79C43EB-E957-4355-9667-600F0934C0D8}.Debug|x86.Build.0 = Debug|Any CPU
		{C79C43EB-E957-4355-9667-600F0934C0D8}.Release|Any CPU.ActiveCfg = Release|Any CPU
		{C79C43EB-E957-4355-9667-600F0934C0D8}.Release|Any CPU.Build.0 = Release|Any CPU
		{C79C43EB-E957-4355-9667-600F0934C0D8}.Release|x64.ActiveCfg = Release|Any CPU
		{C79C43EB-E957-4355-9667-600F0934C0D8}.Release|x64.Build.0 = Release|Any CPU
		{C79C43EB-E957-4355-9667-600F0934C0D8}.Release|x86.ActiveCfg = Release|Any CPU
		{C79C43EB-E957-4355-9667-600F0934C0D8}.Release|x86.Build.0 = Release|Any CPU
		{BD16A59A-E4CA-4C23-A08B-8EBC58EBE97B}.Debug|Any CPU.ActiveCfg = Debug|Any CPU
		{BD16A59A-E4CA-4C23-A08B-8EBC58EBE97B}.Debug|Any CPU.Build.0 = Debug|Any CPU
		{BD16A59A-E4CA-4C23-A08B-8EBC58EBE97B}.Debug|x64.ActiveCfg = Debug|Any CPU
		{BD16A59A-E4CA-4C23-A08B-8EBC58EBE97B}.Debug|x64.Build.0 = Debug|Any CPU
		{BD16A59A-E4CA-4C23-A08B-8EBC58EBE97B}.Debug|x86.ActiveCfg = Debug|Any CPU
		{BD16A59A-E4CA-4C23-A08B-8EBC58EBE97B}.Debug|x86.Build.0 = Debug|Any CPU
		{BD16A59A-E4CA-4C23-A08B-8EBC58EBE97B}.Release|Any CPU.ActiveCfg = Release|Any CPU
		{BD16A59A-E4CA-4C23-A08B-8EBC58EBE97B}.Release|Any CPU.Build.0 = Release|Any CPU
		{BD16A59A-E4CA-4C23-A08B-8EBC58EBE97B}.Release|x64.ActiveCfg = Release|Any CPU
		{BD16A59A-E4CA-4C23-A08B-8EBC58EBE97B}.Release|x64.Build.0 = Release|Any CPU
		{BD16A59A-E4CA-4C23-A08B-8EBC58EBE97B}.Release|x86.ActiveCfg = Release|Any CPU
		{BD16A59A-E4CA-4C23-A08B-8EBC58EBE97B}.Release|x86.Build.0 = Release|Any CPU
		{842E6F30-A925-43A4-9B52-9721166425EE}.Debug|Any CPU.ActiveCfg = Debug|Any CPU
		{842E6F30-A925-43A4-9B52-9721166425EE}.Debug|Any CPU.Build.0 = Debug|Any CPU
		{842E6F30-A925-43A4-9B52-9721166425EE}.Debug|x64.ActiveCfg = Debug|Any CPU
		{842E6F30-A925-43A4-9B52-9721166425EE}.Debug|x64.Build.0 = Debug|Any CPU
		{842E6F30-A925-43A4-9B52-9721166425EE}.Debug|x86.ActiveCfg = Debug|Any CPU
		{842E6F30-A925-43A4-9B52-9721166425EE}.Debug|x86.Build.0 = Debug|Any CPU
		{842E6F30-A925-43A4-9B52-9721166425EE}.Release|Any CPU.ActiveCfg = Release|Any CPU
		{842E6F30-A925-43A4-9B52-9721166425EE}.Release|Any CPU.Build.0 = Release|Any CPU
		{842E6F30-A925-43A4-9B52-9721166425EE}.Release|x64.ActiveCfg = Release|Any CPU
		{842E6F30-A925-43A4-9B52-9721166425EE}.Release|x64.Build.0 = Release|Any CPU
		{842E6F30-A925-43A4-9B52-9721166425EE}.Release|x86.ActiveCfg = Release|Any CPU
		{842E6F30-A925-43A4-9B52-9721166425EE}.Release|x86.Build.0 = Release|Any CPU
		{F373D711-9970-4DD9-86C0-D729DA4E124B}.Debug|Any CPU.ActiveCfg = Debug|Any CPU
		{F373D711-9970-4DD9-86C0-D729DA4E124B}.Debug|Any CPU.Build.0 = Debug|Any CPU
		{F373D711-9970-4DD9-86C0-D729DA4E124B}.Debug|x64.ActiveCfg = Debug|Any CPU
		{F373D711-9970-4DD9-86C0-D729DA4E124B}.Debug|x64.Build.0 = Debug|Any CPU
		{F373D711-9970-4DD9-86C0-D729DA4E124B}.Debug|x86.ActiveCfg = Debug|Any CPU
		{F373D711-9970-4DD9-86C0-D729DA4E124B}.Debug|x86.Build.0 = Debug|Any CPU
		{F373D711-9970-4DD9-86C0-D729DA4E124B}.Release|Any CPU.ActiveCfg = Release|Any CPU
		{F373D711-9970-4DD9-86C0-D729DA4E124B}.Release|Any CPU.Build.0 = Release|Any CPU
		{F373D711-9970-4DD9-86C0-D729DA4E124B}.Release|x64.ActiveCfg = Release|Any CPU
		{F373D711-9970-4DD9-86C0-D729DA4E124B}.Release|x64.Build.0 = Release|Any CPU
		{F373D711-9970-4DD9-86C0-D729DA4E124B}.Release|x86.ActiveCfg = Release|Any CPU
		{F373D711-9970-4DD9-86C0-D729DA4E124B}.Release|x86.Build.0 = Release|Any CPU
		{FAA90DB2-DCE3-492B-8F8B-979532B9EFCB}.Debug|Any CPU.ActiveCfg = Debug|Any CPU
		{FAA90DB2-DCE3-492B-8F8B-979532B9EFCB}.Debug|Any CPU.Build.0 = Debug|Any CPU
		{FAA90DB2-DCE3-492B-8F8B-979532B9EFCB}.Debug|x64.ActiveCfg = Debug|Any CPU
		{FAA90DB2-DCE3-492B-8F8B-979532B9EFCB}.Debug|x64.Build.0 = Debug|Any CPU
		{FAA90DB2-DCE3-492B-8F8B-979532B9EFCB}.Debug|x86.ActiveCfg = Debug|Any CPU
		{FAA90DB2-DCE3-492B-8F8B-979532B9EFCB}.Debug|x86.Build.0 = Debug|Any CPU
		{FAA90DB2-DCE3-492B-8F8B-979532B9EFCB}.Release|Any CPU.ActiveCfg = Release|Any CPU
		{FAA90DB2-DCE3-492B-8F8B-979532B9EFCB}.Release|Any CPU.Build.0 = Release|Any CPU
		{FAA90DB2-DCE3-492B-8F8B-979532B9EFCB}.Release|x64.ActiveCfg = Release|Any CPU
		{FAA90DB2-DCE3-492B-8F8B-979532B9EFCB}.Release|x64.Build.0 = Release|Any CPU
		{FAA90DB2-DCE3-492B-8F8B-979532B9EFCB}.Release|x86.ActiveCfg = Release|Any CPU
		{FAA90DB2-DCE3-492B-8F8B-979532B9EFCB}.Release|x86.Build.0 = Release|Any CPU
		{EAC44E90-9ECB-4DB9-838A-4145D19315B3}.Debug|Any CPU.ActiveCfg = Debug|Any CPU
		{EAC44E90-9ECB-4DB9-838A-4145D19315B3}.Debug|Any CPU.Build.0 = Debug|Any CPU
		{EAC44E90-9ECB-4DB9-838A-4145D19315B3}.Debug|x64.ActiveCfg = Debug|Any CPU
		{EAC44E90-9ECB-4DB9-838A-4145D19315B3}.Debug|x64.Build.0 = Debug|Any CPU
		{EAC44E90-9ECB-4DB9-838A-4145D19315B3}.Debug|x86.ActiveCfg = Debug|Any CPU
		{EAC44E90-9ECB-4DB9-838A-4145D19315B3}.Debug|x86.Build.0 = Debug|Any CPU
		{EAC44E90-9ECB-4DB9-838A-4145D19315B3}.Release|Any CPU.ActiveCfg = Release|Any CPU
		{EAC44E90-9ECB-4DB9-838A-4145D19315B3}.Release|Any CPU.Build.0 = Release|Any CPU
		{EAC44E90-9ECB-4DB9-838A-4145D19315B3}.Release|x64.ActiveCfg = Release|Any CPU
		{EAC44E90-9ECB-4DB9-838A-4145D19315B3}.Release|x64.Build.0 = Release|Any CPU
		{EAC44E90-9ECB-4DB9-838A-4145D19315B3}.Release|x86.ActiveCfg = Release|Any CPU
		{EAC44E90-9ECB-4DB9-838A-4145D19315B3}.Release|x86.Build.0 = Release|Any CPU
		{295882F1-F876-45FB-85FC-40EEA87DA641}.Debug|Any CPU.ActiveCfg = Debug|Any CPU
		{295882F1-F876-45FB-85FC-40EEA87DA641}.Debug|Any CPU.Build.0 = Debug|Any CPU
		{295882F1-F876-45FB-85FC-40EEA87DA641}.Debug|x64.ActiveCfg = Debug|Any CPU
		{295882F1-F876-45FB-85FC-40EEA87DA641}.Debug|x64.Build.0 = Debug|Any CPU
		{295882F1-F876-45FB-85FC-40EEA87DA641}.Debug|x86.ActiveCfg = Debug|Any CPU
		{295882F1-F876-45FB-85FC-40EEA87DA641}.Debug|x86.Build.0 = Debug|Any CPU
		{295882F1-F876-45FB-85FC-40EEA87DA641}.Release|Any CPU.ActiveCfg = Release|Any CPU
		{295882F1-F876-45FB-85FC-40EEA87DA641}.Release|Any CPU.Build.0 = Release|Any CPU
		{295882F1-F876-45FB-85FC-40EEA87DA641}.Release|x64.ActiveCfg = Release|Any CPU
		{295882F1-F876-45FB-85FC-40EEA87DA641}.Release|x64.Build.0 = Release|Any CPU
		{295882F1-F876-45FB-85FC-40EEA87DA641}.Release|x86.ActiveCfg = Release|Any CPU
		{295882F1-F876-45FB-85FC-40EEA87DA641}.Release|x86.Build.0 = Release|Any CPU
	EndGlobalSection
	GlobalSection(SolutionProperties) = preSolution
		HideSolutionNode = FALSE
	EndGlobalSection
	GlobalSection(NestedProjects) = preSolution
		{F7615C4C-439D-4F6C-83B2-2A68C9C8BF4C} = {827E0CD3-B72D-47B6-A68D-7590B98EB39B}
		{182DA8A0-4876-4BCF-9C09-10D90145B0DC} = {827E0CD3-B72D-47B6-A68D-7590B98EB39B}
		{C79C43EB-E957-4355-9667-600F0934C0D8} = {827E0CD3-B72D-47B6-A68D-7590B98EB39B}
		{BD16A59A-E4CA-4C23-A08B-8EBC58EBE97B} = {827E0CD3-B72D-47B6-A68D-7590B98EB39B}
		{842E6F30-A925-43A4-9B52-9721166425EE} = {827E0CD3-B72D-47B6-A68D-7590B98EB39B}
		{F373D711-9970-4DD9-86C0-D729DA4E124B} = {0AB3BF05-4346-4AA6-1389-037BE0695223}
		{FAA90DB2-DCE3-492B-8F8B-979532B9EFCB} = {0AB3BF05-4346-4AA6-1389-037BE0695223}
		{EAC44E90-9ECB-4DB9-838A-4145D19315B3} = {0AB3BF05-4346-4AA6-1389-037BE0695223}
		{295882F1-F876-45FB-85FC-40EEA87DA641} = {0AB3BF05-4346-4AA6-1389-037BE0695223}
	EndGlobalSection
EndGlobal
